
Microsoft Visual Studio Solution File, Format Version 12.00
# Visual Studio Version 17
VisualStudioVersion = 17.11.35219.272
MinimumVisualStudioVersion = 10.0.40219.1
Project("{FAE04EC0-301F-11D3-BF4B-00C04F79EFBC}") = "Pratik-Linq- Group-Join", "Pratik-Linq- Group-Join\Pratik-Linq- Group-Join.csproj", "{C3D1FCCE-791D-4FED-ADC4-BDDD4A9B43A4}"
EndProject
Global
	GlobalSection(SolutionConfigurationPlatforms) = preSolution
		Debug|Any CPU = Debug|Any CPU
		Release|Any CPU = Release|Any CPU
	EndGlobalSection
	GlobalSection(ProjectConfigurationPlatforms) = postSolution
		{C3D1FCCE-791D-4FED-ADC4-BDDD4A9B43A4}.Debug|Any CPU.ActiveCfg = Debug|Any CPU
		{C3D1FCCE-791D-4FED-ADC4-BDDD4A9B43A4}.Debug|Any CPU.Build.0 = Debug|Any CPU
		{C3D1FCCE-791D-4FED-ADC4-BDDD4A9B43A4}.Release|Any CPU.ActiveCfg = Release|Any CPU
		{C3D1FCCE-791D-4FED-ADC4-BDDD4A9B43A4}.Release|Any CPU.Build.0 = Release|Any CPU
	EndGlobalSection
	GlobalSection(SolutionProperties) = preSolution
		HideSolutionNode = FALSE
	EndGlobalSection
	GlobalSection(ExtensibilityGlobals) = postSolution
		SolutionGuid = {32F2B058-55C3-467E-B704-29434E1F6E9E}
	EndGlobalSection
EndGlobal
